
Microsoft Visual Studio Solution File, Format Version 12.00
# Visual Studio 15
VisualStudioVersion = 15.0.28307.1433
MinimumVisualStudioVersion = 10.0.40219.1
Project("{FAE04EC0-301F-11D3-BF4B-00C04F79EFBC}") = "Validacao", "Validacao\Validacao.csproj", "{0095AD79-5C06-4FAA-9918-4D0042052489}"
EndProject
Global
	GlobalSection(SolutionConfigurationPlatforms) = preSolution
		Debug|Any CPU = Debug|Any CPU
		Release|Any CPU = Release|Any CPU
	EndGlobalSection
	GlobalSection(ProjectConfigurationPlatforms) = postSolution
		{0095AD79-5C06-4FAA-9918-4D0042052489}.Debug|Any CPU.ActiveCfg = Debug|Any CPU
		{0095AD79-5C06-4FAA-9918-4D0042052489}.Debug|Any CPU.Build.0 = Debug|Any CPU
		{0095AD79-5C06-4FAA-9918-4D0042052489}.Release|Any CPU.ActiveCfg = Release|Any CPU
		{0095AD79-5C06-4FAA-9918-4D0042052489}.Release|Any CPU.Build.0 = Release|Any CPU
	EndGlobalSection
	GlobalSection(SolutionProperties) = preSolution
		HideSolutionNode = FALSE
	EndGlobalSection
	GlobalSection(ExtensibilityGlobals) = postSolution
		SolutionGuid = {8D5EA03E-EF9E-4F77-B2F9-C885F9E42B51}
	EndGlobalSection
EndGlobal
